
Microsoft Visual Studio Solution File, Format Version 12.00
# Visual Studio Version 17
VisualStudioVersion = 17.5.33502.453
MinimumVisualStudioVersion = 10.0.40219.1
Project("{8BC9CEB8-8B4A-11D0-8D11-00A0C91BC942}") = "models", "models.vcxproj", "{64FDE292-3D83-4852-8ACB-BB23A6408429}"
EndProject
Project("{888888A0-9F3D-457C-B088-3A5042F75D52}") = "PythonApplication1", "..\PythonApplication1\PythonApplication1.pyproj", "{DCF217AB-3D3E-48B1-B953-9D942504DAC0}"
EndProject
Global
	GlobalSection(SolutionConfigurationPlatforms) = preSolution
		Debug|Any CPU = Debug|Any CPU
		Debug|x64 = Debug|x64
		Debug|x86 = Debug|x86
		Release|Any CPU = Release|Any CPU
		Release|x64 = Release|x64
		Release|x86 = Release|x86
	EndGlobalSection
	GlobalSection(ProjectConfigurationPlatforms) = postSolution
		{64FDE292-3D83-4852-8ACB-BB23A6408429}.Debug|Any CPU.ActiveCfg = Debug|x64
		{64FDE292-3D83-4852-8ACB-BB23A6408429}.Debug|Any CPU.Build.0 = Debug|x64
		{64FDE292-3D83-4852-8ACB-BB23A6408429}.Debug|x64.ActiveCfg = Debug|x64
		{64FDE292-3D83-4852-8ACB-BB23A6408429}.Debug|x64.Build.0 = Debug|x64
		{64FDE292-3D83-4852-8ACB-BB23A6408429}.Debug|x86.ActiveCfg = Debug|Win32
		{64FDE292-3D83-4852-8ACB-BB23A6408429}.Debug|x86.Build.0 = Debug|Win32
		{64FDE292-3D83-4852-8ACB-BB23A6408429}.Release|Any CPU.ActiveCfg = Release|x64
		{64FDE292-3D83-4852-8ACB-BB23A6408429}.Release|Any CPU.Build.0 = Release|x64
		{64FDE292-3D83-4852-8ACB-BB23A6408429}.Release|x64.ActiveCfg = Release|x64
		{64FDE292-3D83-4852-8ACB-BB23A6408429}.Release|x64.Build.0 = Release|x64
		{64FDE292-3D83-4852-8ACB-BB23A6408429}.Release|x86.ActiveCfg = Release|Win32
		{64FDE292-3D83-4852-8ACB-BB23A6408429}.Release|x86.Build.0 = Release|Win32
		{DCF217AB-3D3E-48B1-B953-9D942504DAC0}.Debug|Any CPU.ActiveCfg = Debug|Any CPU
		{DCF217AB-3D3E-48B1-B953-9D942504DAC0}.Debug|x64.ActiveCfg = Debug|Any CPU
		{DCF217AB-3D3E-48B1-B953-9D942504DAC0}.Debug|x86.ActiveCfg = Debug|Any CPU
		{DCF217AB-3D3E-48B1-B953-9D942504DAC0}.Release|Any CPU.ActiveCfg = Release|Any CPU
		{DCF217AB-3D3E-48B1-B953-9D942504DAC0}.Release|x64.ActiveCfg = Release|Any CPU
		{DCF217AB-3D3E-48B1-B953-9D942504DAC0}.Release|x86.ActiveCfg = Release|Any CPU
	EndGlobalSection
	GlobalSection(SolutionProperties) = preSolution
		HideSolutionNode = FALSE
	EndGlobalSection
	GlobalSection(ExtensibilityGlobals) = postSolution
		SolutionGuid = {AE0F5EE9-0F66-45C1-B640-730CC4F70E6D}
	EndGlobalSection
EndGlobal
